
Microsoft Visual Studio Solution File, Format Version 12.00
# Visual Studio 15
VisualStudioVersion = 15.0.28307.329
MinimumVisualStudioVersion = 10.0.40219.1
Project("{FAE04EC0-301F-11D3-BF4B-00C04F79EFBC}") = "iS3.MiniServer", "iS3.MiniServer\iS3.MiniServer.csproj", "{674E22D2-C3E9-4C22-9C43-6CA82EA33343}"
EndProject
Global
	GlobalSection(SolutionConfigurationPlatforms) = preSolution
		Debug|Any CPU = Debug|Any CPU
		Release|Any CPU = Release|Any CPU
	EndGlobalSection
	GlobalSection(ProjectConfigurationPlatforms) = postSolution
		{674E22D2-C3E9-4C22-9C43-6CA82EA33343}.Debug|Any CPU.ActiveCfg = Debug|Any CPU
		{674E22D2-C3E9-4C22-9C43-6CA82EA33343}.Debug|Any CPU.Build.0 = Debug|Any CPU
		{674E22D2-C3E9-4C22-9C43-6CA82EA33343}.Release|Any CPU.ActiveCfg = Release|Any CPU
		{674E22D2-C3E9-4C22-9C43-6CA82EA33343}.Release|Any CPU.Build.0 = Release|Any CPU
	EndGlobalSection
	GlobalSection(SolutionProperties) = preSolution
		HideSolutionNode = FALSE
	EndGlobalSection
	GlobalSection(ExtensibilityGlobals) = postSolution
		SolutionGuid = {FA59AC82-5B2A-4669-A6BF-1BF167AB50D9}
	EndGlobalSection
EndGlobal
